// !$*UTF8*$!
{
	archiveVersion = 1;
	classes = {
	};
	objectVersion = 56;
	objects = {

/* Begin PBXBuildFile section */
		E0848A5D29AF912700DD0D68 /* TaskListModel.swift in Sources */ = {isa = PBXBuildFile; fileRef = E0848A5C29AF912700DD0D68 /* TaskListModel.swift */; };
		E0848A6029AF973900DD0D68 /* SectionForTaskManagerAdapter.swift in Sources */ = {isa = PBXBuildFile; fileRef = E0848A5F29AF973900DD0D68 /* SectionForTaskManagerAdapter.swift */; };
		E0DAF8DB29A22F67001A41A7 /* OrderedTaskManager.swift in Sources */ = {isa = PBXBuildFile; fileRef = E0DAF8DA29A22F67001A41A7 /* OrderedTaskManager.swift */; };
		E0DAF8E129A243A5001A41A7 /* TaskListPresenter.swift in Sources */ = {isa = PBXBuildFile; fileRef = E0DAF8E029A243A5001A41A7 /* TaskListPresenter.swift */; };
		E0DAF8E329A27543001A41A7 /* README.md in Resources */ = {isa = PBXBuildFile; fileRef = E0DAF8E229A27543001A41A7 /* README.md */; };
		E0F19CE62997D575009B2CAE /* AppDelegate.swift in Sources */ = {isa = PBXBuildFile; fileRef = E0F19CE52997D575009B2CAE /* AppDelegate.swift */; };
		E0F19CE82997D575009B2CAE /* SceneDelegate.swift in Sources */ = {isa = PBXBuildFile; fileRef = E0F19CE72997D575009B2CAE /* SceneDelegate.swift */; };
		E0F19CEF2997D576009B2CAE /* Assets.xcassets in Resources */ = {isa = PBXBuildFile; fileRef = E0F19CEE2997D576009B2CAE /* Assets.xcassets */; };
		E0F19CF22997D576009B2CAE /* LaunchScreen.storyboard in Resources */ = {isa = PBXBuildFile; fileRef = E0F19CF02997D576009B2CAE /* LaunchScreen.storyboard */; };
		E0F19CFA2997D61C009B2CAE /* TaskManager.swift in Sources */ = {isa = PBXBuildFile; fileRef = E0F19CF92997D61C009B2CAE /* TaskManager.swift */; };
		E0F19CFC2997D62A009B2CAE /* TaskRepositoryStub.swift in Sources */ = {isa = PBXBuildFile; fileRef = E0F19CFB2997D62A009B2CAE /* TaskRepositoryStub.swift */; };
		E0F19CFF2997D665009B2CAE /* Task.swift in Sources */ = {isa = PBXBuildFile; fileRef = E0F19CFE2997D665009B2CAE /* Task.swift */; };
		E0F19D08299909B7009B2CAE /* TaskListViewController.swift in Sources */ = {isa = PBXBuildFile; fileRef = E0F19D07299909B7009B2CAE /* TaskListViewController.swift */; };
		E0FE0738299D18B200B16EB6 /* TaskCell.swift in Sources */ = {isa = PBXBuildFile; fileRef = E0FE0736299D18B200B16EB6 /* TaskCell.swift */; };
		E0FE0739299D18B200B16EB6 /* TaskCell.xib in Resources */ = {isa = PBXBuildFile; fileRef = E0FE0737299D18B200B16EB6 /* TaskCell.xib */; };
/* End PBXBuildFile section */

/* Begin PBXFileReference section */
		E0848A5C29AF912700DD0D68 /* TaskListModel.swift */ = {isa = PBXFileReference; lastKnownFileType = sourcecode.swift; path = TaskListModel.swift; sourceTree = "<group>"; };
		E0848A5F29AF973900DD0D68 /* SectionForTaskManagerAdapter.swift */ = {isa = PBXFileReference; lastKnownFileType = sourcecode.swift; path = SectionForTaskManagerAdapter.swift; sourceTree = "<group>"; };
		E0DAF8DA29A22F67001A41A7 /* OrderedTaskManager.swift */ = {isa = PBXFileReference; lastKnownFileType = sourcecode.swift; path = OrderedTaskManager.swift; sourceTree = "<group>"; };
		E0DAF8E029A243A5001A41A7 /* TaskListPresenter.swift */ = {isa = PBXFileReference; lastKnownFileType = sourcecode.swift; path = TaskListPresenter.swift; sourceTree = "<group>"; };
		E0DAF8E229A27543001A41A7 /* README.md */ = {isa = PBXFileReference; fileEncoding = 4; lastKnownFileType = net.daringfireball.markdown; path = README.md; sourceTree = "<group>"; };
		E0F19CE22997D575009B2CAE /* TaskManager.HW4.SwiftBook.MiddleIOSDev.app */ = {isa = PBXFileReference; explicitFileType = wrapper.application; includeInIndex = 0; path = TaskManager.HW4.SwiftBook.MiddleIOSDev.app; sourceTree = BUILT_PRODUCTS_DIR; };
		E0F19CE52997D575009B2CAE /* AppDelegate.swift */ = {isa = PBXFileReference; lastKnownFileType = sourcecode.swift; path = AppDelegate.swift; sourceTree = "<group>"; };
		E0F19CE72997D575009B2CAE /* SceneDelegate.swift */ = {isa = PBXFileReference; lastKnownFileType = sourcecode.swift; path = SceneDelegate.swift; sourceTree = "<group>"; };
		E0F19CEE2997D576009B2CAE /* Assets.xcassets */ = {isa = PBXFileReference; lastKnownFileType = folder.assetcatalog; path = Assets.xcassets; sourceTree = "<group>"; };
		E0F19CF12997D576009B2CAE /* Base */ = {isa = PBXFileReference; lastKnownFileType = file.storyboard; name = Base; path = Base.lproj/LaunchScreen.storyboard; sourceTree = "<group>"; };
		E0F19CF32997D576009B2CAE /* Info.plist */ = {isa = PBXFileReference; lastKnownFileType = text.plist.xml; path = Info.plist; sourceTree = "<group>"; };
		E0F19CF92997D61C009B2CAE /* TaskManager.swift */ = {isa = PBXFileReference; lastKnownFileType = sourcecode.swift; path = TaskManager.swift; sourceTree = "<group>"; };
		E0F19CFB2997D62A009B2CAE /* TaskRepositoryStub.swift */ = {isa = PBXFileReference; lastKnownFileType = sourcecode.swift; path = TaskRepositoryStub.swift; sourceTree = "<group>"; };
		E0F19CFE2997D665009B2CAE /* Task.swift */ = {isa = PBXFileReference; lastKnownFileType = sourcecode.swift; path = Task.swift; sourceTree = "<group>"; };
		E0F19D07299909B7009B2CAE /* TaskListViewController.swift */ = {isa = PBXFileReference; lastKnownFileType = sourcecode.swift; path = TaskListViewController.swift; sourceTree = "<group>"; };
		E0FE0736299D18B200B16EB6 /* TaskCell.swift */ = {isa = PBXFileReference; lastKnownFileType = sourcecode.swift; path = TaskCell.swift; sourceTree = "<group>"; };
		E0FE0737299D18B200B16EB6 /* TaskCell.xib */ = {isa = PBXFileReference; lastKnownFileType = file.xib; path = TaskCell.xib; sourceTree = "<group>"; };
/* End PBXFileReference section */

/* Begin PBXFrameworksBuildPhase section */
		E0F19CDF2997D575009B2CAE /* Frameworks */ = {
			isa = PBXFrameworksBuildPhase;
			buildActionMask = 2147483647;
			files = (
			);
			runOnlyForDeploymentPostprocessing = 0;
		};
/* End PBXFrameworksBuildPhase section */

/* Begin PBXGroup section */
		E0848A5E29AF968200DD0D68 /* Business Logic */ = {
			isa = PBXGroup;
			children = (
				E0F19CFE2997D665009B2CAE /* Task.swift */,
				E0F19CF92997D61C009B2CAE /* TaskManager.swift */,
			);
			path = "Business Logic";
			sourceTree = "<group>";
		};
		E0F19CD92997D575009B2CAE = {
			isa = PBXGroup;
			children = (
				E0DAF8E229A27543001A41A7 /* README.md */,
				E0F19CE42997D575009B2CAE /* TaskManager.HW4.SwiftBook.MiddleIOSDev */,
				E0F19CE32997D575009B2CAE /* Products */,
			);
			sourceTree = "<group>";
		};
		E0F19CE32997D575009B2CAE /* Products */ = {
			isa = PBXGroup;
			children = (
				E0F19CE22997D575009B2CAE /* TaskManager.HW4.SwiftBook.MiddleIOSDev.app */,
			);
			name = Products;
			sourceTree = "<group>";
		};
		E0F19CE42997D575009B2CAE /* TaskManager.HW4.SwiftBook.MiddleIOSDev */ = {
			isa = PBXGroup;
			children = (
				E0F19D012997D688009B2CAE /* Scenes */,
				E0F19CFD2997D62F009B2CAE /* Services */,
				E0848A5E29AF968200DD0D68 /* Business Logic */,
				E0F19D022997D6A8009B2CAE /* Storyboard */,
				E0F19D032997D75B009B2CAE /* Supporting Files */,
				E0F19D042997D76F009B2CAE /* Resources */,
			);
			path = TaskManager.HW4.SwiftBook.MiddleIOSDev;
			sourceTree = "<group>";
		};
		E0F19CFD2997D62F009B2CAE /* Services */ = {
			isa = PBXGroup;
			children = (
				E0DAF8DA29A22F67001A41A7 /* OrderedTaskManager.swift */,
				E0848A5F29AF973900DD0D68 /* SectionForTaskManagerAdapter.swift */,
				E0F19CFB2997D62A009B2CAE /* TaskRepositoryStub.swift */,
			);
			path = Services;
			sourceTree = "<group>";
		};
		E0F19D012997D688009B2CAE /* Scenes */ = {
			isa = PBXGroup;
			children = (
				E0848A5C29AF912700DD0D68 /* TaskListModel.swift */,
				E0F19D07299909B7009B2CAE /* TaskListViewController.swift */,
				E0DAF8E029A243A5001A41A7 /* TaskListPresenter.swift */,
				E0FE0735299D188400B16EB6 /* TaskCell */,
			);
			path = Scenes;
			sourceTree = "<group>";
		};
		E0F19D022997D6A8009B2CAE /* Storyboard */ = {
			isa = PBXGroup;
			children = (
				E0F19CF02997D576009B2CAE /* LaunchScreen.storyboard */,
			);
			path = Storyboard;
			sourceTree = "<group>";
		};
		E0F19D032997D75B009B2CAE /* Supporting Files */ = {
			isa = PBXGroup;
			children = (
				E0F19CE52997D575009B2CAE /* AppDelegate.swift */,
				E0F19CE72997D575009B2CAE /* SceneDelegate.swift */,
				E0F19CF32997D576009B2CAE /* Info.plist */,
			);
			path = "Supporting Files";
			sourceTree = "<group>";
		};
		E0F19D042997D76F009B2CAE /* Resources */ = {
			isa = PBXGroup;
			children = (
				E0F19CEE2997D576009B2CAE /* Assets.xcassets */,
			);
			path = Resources;
			sourceTree = "<group>";
		};
		E0FE0735299D188400B16EB6 /* TaskCell */ = {
			isa = PBXGroup;
			children = (
				E0FE0736299D18B200B16EB6 /* TaskCell.swift */,
				E0FE0737299D18B200B16EB6 /* TaskCell.xib */,
			);
			path = TaskCell;
			sourceTree = "<group>";
		};
/* End PBXGroup section */

/* Begin PBXNativeTarget section */
		E0F19CE12997D575009B2CAE /* TaskManager.HW4.SwiftBook.MiddleIOSDev */ = {
			isa = PBXNativeTarget;
			buildConfigurationList = E0F19CF62997D576009B2CAE /* Build configuration list for PBXNativeTarget "TaskManager.HW4.SwiftBook.MiddleIOSDev" */;
			buildPhases = (
				E0F19CDE2997D575009B2CAE /* Sources */,
				E0F19CDF2997D575009B2CAE /* Frameworks */,
				E0F19CE02997D575009B2CAE /* Resources */,
			);
			buildRules = (
			);
			dependencies = (
			);
			name = TaskManager.HW4.SwiftBook.MiddleIOSDev;
			productName = TaskManager.HW4.SwiftBook.MiddleIOSDev;
			productReference = E0F19CE22997D575009B2CAE /* TaskManager.HW4.SwiftBook.MiddleIOSDev.app */;
			productType = "com.apple.product-type.application";
		};
/* End PBXNativeTarget section */

/* Begin PBXProject section */
		E0F19CDA2997D575009B2CAE /* Project object */ = {
			isa = PBXProject;
			attributes = {
				BuildIndependentTargetsInParallel = 1;
				LastSwiftUpdateCheck = 1420;
				LastUpgradeCheck = 1420;
				TargetAttributes = {
					E0F19CE12997D575009B2CAE = {
						CreatedOnToolsVersion = 14.2;
					};
				};
			};
			buildConfigurationList = E0F19CDD2997D575009B2CAE /* Build configuration list for PBXProject "TaskManager.HW4.SwiftBook.MiddleIOSDev" */;
			compatibilityVersion = "Xcode 14.0";
			developmentRegion = en;
			hasScannedForEncodings = 0;
			knownRegions = (
				en,
				Base,
			);
			mainGroup = E0F19CD92997D575009B2CAE;
			productRefGroup = E0F19CE32997D575009B2CAE /* Products */;
			projectDirPath = "";
			projectRoot = "";
			targets = (
				E0F19CE12997D575009B2CAE /* TaskManager.HW4.SwiftBook.MiddleIOSDev */,
			);
		};
/* End PBXProject section */

/* Begin PBXResourcesBuildPhase section */
		E0F19CE02997D575009B2CAE /* Resources */ = {
			isa = PBXResourcesBuildPhase;
			buildActionMask = 2147483647;
			files = (
				E0F19CF22997D576009B2CAE /* LaunchScreen.storyboard in Resources */,
				E0FE0739299D18B200B16EB6 /* TaskCell.xib in Resources */,
				E0DAF8E329A27543001A41A7 /* README.md in Resources */,
				E0F19CEF2997D576009B2CAE /* Assets.xcassets in Resources */,
			);
			runOnlyForDeploymentPostprocessing = 0;
		};
/* End PBXResourcesBuildPhase section */

/* Begin PBXSourcesBuildPhase section */
		E0F19CDE2997D575009B2CAE /* Sources */ = {
			isa = PBXSourcesBuildPhase;
			buildActionMask = 2147483647;
			files = (
				E0F19CE62997D575009B2CAE /* AppDelegate.swift in Sources */,
				E0DAF8DB29A22F67001A41A7 /* OrderedTaskManager.swift in Sources */,
				E0DAF8E129A243A5001A41A7 /* TaskListPresenter.swift in Sources */,
				E0FE0738299D18B200B16EB6 /* TaskCell.swift in Sources */,
				E0F19CFC2997D62A009B2CAE /* TaskRepositoryStub.swift in Sources */,
				E0848A5D29AF912700DD0D68 /* TaskListModel.swift in Sources */,
				E0F19CFA2997D61C009B2CAE /* TaskManager.swift in Sources */,
				E0F19CFF2997D665009B2CAE /* Task.swift in Sources */,
				E0F19CE82997D575009B2CAE /* SceneDelegate.swift in Sources */,
				E0848A6029AF973900DD0D68 /* SectionForTaskManagerAdapter.swift in Sources */,
				E0F19D08299909B7009B2CAE /* TaskListViewController.swift in Sources */,
			);
			runOnlyForDeploymentPostprocessing = 0;
		};
/* End PBXSourcesBuildPhase section */

/* Begin PBXVariantGroup section */
		E0F19CF02997D576009B2CAE /* LaunchScreen.storyboard */ = {
			isa = PBXVariantGroup;
			children = (
				E0F19CF12997D576009B2CAE /* Base */,
			);
			name = LaunchScreen.storyboard;
			sourceTree = "<group>";
		};
/* End PBXVariantGroup section */

/* Begin XCBuildConfiguration section */
		E0F19CF42997D576009B2CAE /* Debug */ = {
			isa = XCBuildConfiguration;
			buildSettings = {
				ALWAYS_SEARCH_USER_PATHS = NO;
				CLANG_ANALYZER_NONNULL = YES;
				CLANG_ANALYZER_NUMBER_OBJECT_CONVERSION = YES_AGGRESSIVE;
				CLANG_CXX_LANGUAGE_STANDARD = "gnu++20";
				CLANG_ENABLE_MODULES = YES;
				CLANG_ENABLE_OBJC_ARC = YES;
				CLANG_ENABLE_OBJC_WEAK = YES;
				CLANG_WARN_BLOCK_CAPTURE_AUTORELEASING = YES;
				CLANG_WARN_BOOL_CONVERSION = YES;
				CLANG_WARN_COMMA = YES;
				CLANG_WARN_CONSTANT_CONVERSION = YES;
				CLANG_WARN_DEPRECATED_OBJC_IMPLEMENTATIONS = YES;
				CLANG_WARN_DIRECT_OBJC_ISA_USAGE = YES_ERROR;
				CLANG_WARN_DOCUMENTATION_COMMENTS = YES;
				CLANG_WARN_EMPTY_BODY = YES;
				CLANG_WARN_ENUM_CONVERSION = YES;
				CLANG_WARN_INFINITE_RECURSION = YES;
				CLANG_WARN_INT_CONVERSION = YES;
				CLANG_WARN_NON_LITERAL_NULL_CONVERSION = YES;
				CLANG_WARN_OBJC_IMPLICIT_RETAIN_SELF = YES;
				CLANG_WARN_OBJC_LITERAL_CONVERSION = YES;
				CLANG_WARN_OBJC_ROOT_CLASS = YES_ERROR;
				CLANG_WARN_QUOTED_INCLUDE_IN_FRAMEWORK_HEADER = YES;
				CLANG_WARN_RANGE_LOOP_ANALYSIS = YES;
				CLANG_WARN_STRICT_PROTOTYPES = YES;
				CLANG_WARN_SUSPICIOUS_MOVE = YES;
				CLANG_WARN_UNGUARDED_AVAILABILITY = YES_AGGRESSIVE;
				CLANG_WARN_UNREACHABLE_CODE = YES;
				CLANG_WARN__DUPLICATE_METHOD_MATCH = YES;
				COPY_PHASE_STRIP = NO;
				DEBUG_INFORMATION_FORMAT = dwarf;
				ENABLE_STRICT_OBJC_MSGSEND = YES;
				ENABLE_TESTABILITY = YES;
				GCC_C_LANGUAGE_STANDARD = gnu11;
				GCC_DYNAMIC_NO_PIC = NO;
				GCC_NO_COMMON_BLOCKS = YES;
				GCC_OPTIMIZATION_LEVEL = 0;
				GCC_PREPROCESSOR_DEFINITIONS = (
					"DEBUG=1",
					"$(inherited)",
				);
				GCC_WARN_64_TO_32_BIT_CONVERSION = YES;
				GCC_WARN_ABOUT_RETURN_TYPE = YES_ERROR;
				GCC_WARN_UNDECLARED_SELECTOR = YES;
				GCC_WARN_UNINITIALIZED_AUTOS = YES_AGGRESSIVE;
				GCC_WARN_UNUSED_FUNCTION = YES;
				GCC_WARN_UNUSED_VARIABLE = YES;
				IPHONEOS_DEPLOYMENT_TARGET = 16.2;
				MTL_ENABLE_DEBUG_INFO = INCLUDE_SOURCE;
				MTL_FAST_MATH = YES;
				ONLY_ACTIVE_ARCH = YES;
				SDKROOT = iphoneos;
				SWIFT_ACTIVE_COMPILATION_CONDITIONS = DEBUG;
				SWIFT_OPTIMIZATION_LEVEL = "-Onone";
			};
			name = Debug;
		};
		E0F19CF52997D576009B2CAE /* Release */ = {
			isa = XCBuildConfiguration;
			buildSettings = {
				ALWAYS_SEARCH_USER_PATHS = NO;
				CLANG_ANALYZER_NONNULL = YES;
				CLANG_ANALYZER_NUMBER_OBJECT_CONVERSION = YES_AGGRESSIVE;
				CLANG_CXX_LANGUAGE_STANDARD = "gnu++20";
				CLANG_ENABLE_MODULES = YES;
				CLANG_ENABLE_OBJC_ARC = YES;
				CLANG_ENABLE_OBJC_WEAK = YES;
				CLANG_WARN_BLOCK_CAPTURE_AUTORELEASING = YES;
				CLANG_WARN_BOOL_CONVERSION = YES;
				CLANG_WARN_COMMA = YES;
				CLANG_WARN_CONSTANT_CONVERSION = YES;
				CLANG_WARN_DEPRECATED_OBJC_IMPLEMENTATIONS = YES;
				CLANG_WARN_DIRECT_OBJC_ISA_USAGE = YES_ERROR;
				CLANG_WARN_DOCUMENTATION_COMMENTS = YES;
				CLANG_WARN_EMPTY_BODY = YES;
				CLANG_WARN_ENUM_CONVERSION = YES;
				CLANG_WARN_INFINITE_RECURSION = YES;
				CLANG_WARN_INT_CONVERSION = YES;
				CLANG_WARN_NON_LITERAL_NULL_CONVERSION = YES;
				CLANG_WARN_OBJC_IMPLICIT_RETAIN_SELF = YES;
				CLANG_WARN_OBJC_LITERAL_CONVERSION = YES;
				CLANG_WARN_OBJC_ROOT_CLASS = YES_ERROR;
				CLANG_WARN_QUOTED_INCLUDE_IN_FRAMEWORK_HEADER = YES;
				CLANG_WARN_RANGE_LOOP_ANALYSIS = YES;
				CLANG_WARN_STRICT_PROTOTYPES = YES;
				CLANG_WARN_SUSPICIOUS_MOVE = YES;
				CLANG_WARN_UNGUARDED_AVAILABILITY = YES_AGGRESSIVE;
				CLANG_WARN_UNREACHABLE_CODE = YES;
				CLANG_WARN__DUPLICATE_METHOD_MATCH = YES;
				COPY_PHASE_STRIP = NO;
				DEBUG_INFORMATION_FORMAT = "dwarf-with-dsym";
				ENABLE_NS_ASSERTIONS = NO;
				ENABLE_STRICT_OBJC_MSGSEND = YES;
				GCC_C_LANGUAGE_STANDARD = gnu11;
				GCC_NO_COMMON_BLOCKS = YES;
				GCC_WARN_64_TO_32_BIT_CONVERSION = YES;
				GCC_WARN_ABOUT_RETURN_TYPE = YES_ERROR;
				GCC_WARN_UNDECLARED_SELECTOR = YES;
				GCC_WARN_UNINITIALIZED_AUTOS = YES_AGGRESSIVE;
				GCC_WARN_UNUSED_FUNCTION = YES;
				GCC_WARN_UNUSED_VARIABLE = YES;
				IPHONEOS_DEPLOYMENT_TARGET = 16.2;
				MTL_ENABLE_DEBUG_INFO = NO;
				MTL_FAST_MATH = YES;
				SDKROOT = iphoneos;
				SWIFT_COMPILATION_MODE = wholemodule;
				SWIFT_OPTIMIZATION_LEVEL = "-O";
				VALIDATE_PRODUCT = YES;
			};
			name = Release;
		};
		E0F19CF72997D576009B2CAE /* Debug */ = {
			isa = XCBuildConfiguration;
			buildSettings = {
				ASSETCATALOG_COMPILER_APPICON_NAME = AppIcon;
				ASSETCATALOG_COMPILER_GLOBAL_ACCENT_COLOR_NAME = AccentColor;
				CODE_SIGN_STYLE = Automatic;
				CURRENT_PROJECT_VERSION = 1;
				DEVELOPMENT_TEAM = WSW34L4PSC;
				GENERATE_INFOPLIST_FILE = YES;
				INFOPLIST_FILE = "TaskManager.HW4.SwiftBook.MiddleIOSDev/Supporting Files/Info.plist";
				INFOPLIST_KEY_UIApplicationSupportsIndirectInputEvents = YES;
				INFOPLIST_KEY_UILaunchStoryboardName = LaunchScreen;
				INFOPLIST_KEY_UISupportedInterfaceOrientations = UIInterfaceOrientationPortrait;
				INFOPLIST_KEY_UISupportedInterfaceOrientations_iPad = "UIInterfaceOrientationLandscapeLeft UIInterfaceOrientationLandscapeRight UIInterfaceOrientationPortrait UIInterfaceOrientationPortraitUpsideDown";
				LD_RUNPATH_SEARCH_PATHS = (
					"$(inherited)",
					"@executable_path/Frameworks",
				);
				MARKETING_VERSION = 1.0;
				PRODUCT_BUNDLE_IDENTIFIER = "Vadim-Gamzaev.TaskManager-HW4-SwiftBook-MiddleIOSDev";
				PRODUCT_NAME = "$(TARGET_NAME)";
				SUPPORTED_PLATFORMS = "iphoneos iphonesimulator";
				SUPPORTS_MACCATALYST = NO;
				SUPPORTS_MAC_DESIGNED_FOR_IPHONE_IPAD = NO;
				SWIFT_EMIT_LOC_STRINGS = YES;
				SWIFT_VERSION = 5.0;
				TARGETED_DEVICE_FAMILY = 1;
			};
			name = Debug;
		};
		E0F19CF82997D576009B2CAE /* Release */ = {
			isa = XCBuildConfiguration;
			buildSettings = {
				ASSETCATALOG_COMPILER_APPICON_NAME = AppIcon;
				ASSETCATALOG_COMPILER_GLOBAL_ACCENT_COLOR_NAME = AccentColor;
				CODE_SIGN_STYLE = Automatic;
				CURRENT_PROJECT_VERSION = 1;
				DEVELOPMENT_TEAM = WSW34L4PSC;
				GENERATE_INFOPLIST_FILE = YES;
				INFOPLIST_FILE = "TaskManager.HW4.SwiftBook.MiddleIOSDev/Supporting Files/Info.plist";
				INFOPLIST_KEY_UIApplicationSupportsIndirectInputEvents = YES;
				INFOPLIST_KEY_UILaunchStoryboardName = LaunchScreen;
				INFOPLIST_KEY_UISupportedInterfaceOrientations = UIInterfaceOrientationPortrait;
				INFOPLIST_KEY_UISupportedInterfaceOrientations_iPad = "UIInterfaceOrientationLandscapeLeft UIInterfaceOrientationLandscapeRight UIInterfaceOrientationPortrait UIInterfaceOrientationPortraitUpsideDown";
				LD_RUNPATH_SEARCH_PATHS = (
					"$(inherited)",
					"@executable_path/Frameworks",
				);
				MARKETING_VERSION = 1.0;
				PRODUCT_BUNDLE_IDENTIFIER = "Vadim-Gamzaev.TaskManager-HW4-SwiftBook-MiddleIOSDev";
				PRODUCT_NAME = "$(TARGET_NAME)";
				SUPPORTED_PLATFORMS = "iphoneos iphonesimulator";
				SUPPORTS_MACCATALYST = NO;
				SUPPORTS_MAC_DESIGNED_FOR_IPHONE_IPAD = NO;
				SWIFT_EMIT_LOC_STRINGS = YES;
				SWIFT_VERSION = 5.0;
				TARGETED_DEVICE_FAMILY = 1;
			};
			name = Release;
		};
/* End XCBuildConfiguration section */

/* Begin XCConfigurationList section */
		E0F19CDD2997D575009B2CAE /* Build configuration list for PBXProject "TaskManager.HW4.SwiftBook.MiddleIOSDev" */ = {
			isa = XCConfigurationList;
			buildConfigurations = (
				E0F19CF42997D576009B2CAE /* Debug */,
				E0F19CF52997D576009B2CAE /* Release */,
			);
			defaultConfigurationIsVisible = 0;
			defaultConfigurationName = Release;
		};
		E0F19CF62997D576009B2CAE /* Build configuration list for PBXNativeTarget "TaskManager.HW4.SwiftBook.MiddleIOSDev" */ = {
			isa = XCConfigurationList;
			buildConfigurations = (
				E0F19CF72997D576009B2CAE /* Debug */,
				E0F19CF82997D576009B2CAE /* Release */,
			);
			defaultConfigurationIsVisible = 0;
			defaultConfigurationName = Release;
		};
/* End XCConfigurationList section */
	};
	rootObject = E0F19CDA2997D575009B2CAE /* Project object */;
}
